
Microsoft Visual Studio Solution File, Format Version 12.00
# Visual Studio Version 17
VisualStudioVersion = 17.6.33829.357
MinimumVisualStudioVersion = 10.0.40219.1
Project("{9A19103F-16F7-4668-BE54-9A1E7A4F7556}") = "puppyPlayDates", "whocares\puppyPlayDates.csproj", "{02C515B7-48A9-4F90-919A-8BC5B610B7A6}"
EndProject
Global
	GlobalSection(SolutionConfigurationPlatforms) = preSolution
		Debug|Any CPU = Debug|Any CPU
		Release|Any CPU = Release|Any CPU
	EndGlobalSection
	GlobalSection(ProjectConfigurationPlatforms) = postSolution
		{02C515B7-48A9-4F90-919A-8BC5B610B7A6}.Debug|Any CPU.ActiveCfg = Debug|Any CPU
		{02C515B7-48A9-4F90-919A-8BC5B610B7A6}.Debug|Any CPU.Build.0 = Debug|Any CPU
		{02C515B7-48A9-4F90-919A-8BC5B610B7A6}.Release|Any CPU.ActiveCfg = Release|Any CPU
		{02C515B7-48A9-4F90-919A-8BC5B610B7A6}.Release|Any CPU.Build.0 = Release|Any CPU
	EndGlobalSection
	GlobalSection(SolutionProperties) = preSolution
		HideSolutionNode = FALSE
	EndGlobalSection
	GlobalSection(ExtensibilityGlobals) = postSolution
		SolutionGuid = {534D588B-A0EA-4592-8F7B-97F804B2E47F}
	EndGlobalSection
EndGlobal
